
Microsoft Visual Studio Solution File, Format Version 12.00
# Visual Studio Version 16
VisualStudioVersion = 16.0.30114.105
MinimumVisualStudioVersion = 10.0.40219.1
Project("{FAE04EC0-301F-11D3-BF4B-00C04F79EFBC}") = "ProEventos.Application", "ProEventos.Application\ProEventos.Application.csproj", "{5B03673A-72E0-411B-A261-89689BB4788F}"
EndProject
Project("{FAE04EC0-301F-11D3-BF4B-00C04F79EFBC}") = "ProEventos.Domain", "ProEventos.Domain\ProEventos.Domain.csproj", "{C3C4FEF1-D107-47B1-BFF0-71A8EEC7C55B}"
EndProject
Project("{FAE04EC0-301F-11D3-BF4B-00C04F79EFBC}") = "ProEventos.API", "ProEventos.API\ProEventos.API.csproj", "{51154910-DEF8-4909-9573-6A4C43CF7BB3}"
EndProject
Project("{FAE04EC0-301F-11D3-BF4B-00C04F79EFBC}") = "ProEventos.Persistence", "ProEventos.Persistence\ProEventos.Persistence.csproj", "{7DA98D18-BF1B-4E19-B91B-F96D964ACF91}"
EndProject
Global
	GlobalSection(SolutionConfigurationPlatforms) = preSolution
		Debug|Any CPU = Debug|Any CPU
		Debug|x64 = Debug|x64
		Debug|x86 = Debug|x86
		Release|Any CPU = Release|Any CPU
		Release|x64 = Release|x64
		Release|x86 = Release|x86
	EndGlobalSection
	GlobalSection(SolutionProperties) = preSolution
		HideSolutionNode = FALSE
	EndGlobalSection
	GlobalSection(ProjectConfigurationPlatforms) = postSolution
		{5B03673A-72E0-411B-A261-89689BB4788F}.Debug|Any CPU.ActiveCfg = Debug|Any CPU
		{5B03673A-72E0-411B-A261-89689BB4788F}.Debug|Any CPU.Build.0 = Debug|Any CPU
		{5B03673A-72E0-411B-A261-89689BB4788F}.Debug|x64.ActiveCfg = Debug|Any CPU
		{5B03673A-72E0-411B-A261-89689BB4788F}.Debug|x64.Build.0 = Debug|Any CPU
		{5B03673A-72E0-411B-A261-89689BB4788F}.Debug|x86.ActiveCfg = Debug|Any CPU
		{5B03673A-72E0-411B-A261-89689BB4788F}.Debug|x86.Build.0 = Debug|Any CPU
		{5B03673A-72E0-411B-A261-89689BB4788F}.Release|Any CPU.ActiveCfg = Release|Any CPU
		{5B03673A-72E0-411B-A261-89689BB4788F}.Release|Any CPU.Build.0 = Release|Any CPU
		{5B03673A-72E0-411B-A261-89689BB4788F}.Release|x64.ActiveCfg = Release|Any CPU
		{5B03673A-72E0-411B-A261-89689BB4788F}.Release|x64.Build.0 = Release|Any CPU
		{5B03673A-72E0-411B-A261-89689BB4788F}.Release|x86.ActiveCfg = Release|Any CPU
		{5B03673A-72E0-411B-A261-89689BB4788F}.Release|x86.Build.0 = Release|Any CPU
		{C3C4FEF1-D107-47B1-BFF0-71A8EEC7C55B}.Debug|Any CPU.ActiveCfg = Debug|Any CPU
		{C3C4FEF1-D107-47B1-BFF0-71A8EEC7C55B}.Debug|Any CPU.Build.0 = Debug|Any CPU
		{C3C4FEF1-D107-47B1-BFF0-71A8EEC7C55B}.Debug|x64.ActiveCfg = Debug|Any CPU
		{C3C4FEF1-D107-47B1-BFF0-71A8EEC7C55B}.Debug|x64.Build.0 = Debug|Any CPU
		{C3C4FEF1-D107-47B1-BFF0-71A8EEC7C55B}.Debug|x86.ActiveCfg = Debug|Any CPU
		{C3C4FEF1-D107-47B1-BFF0-71A8EEC7C55B}.Debug|x86.Build.0 = Debug|Any CPU
		{C3C4FEF1-D107-47B1-BFF0-71A8EEC7C55B}.Release|Any CPU.ActiveCfg = Release|Any CPU
		{C3C4FEF1-D107-47B1-BFF0-71A8EEC7C55B}.Release|Any CPU.Build.0 = Release|Any CPU
		{C3C4FEF1-D107-47B1-BFF0-71A8EEC7C55B}.Release|x64.ActiveCfg = Release|Any CPU
		{C3C4FEF1-D107-47B1-BFF0-71A8EEC7C55B}.Release|x64.Build.0 = Release|Any CPU
		{C3C4FEF1-D107-47B1-BFF0-71A8EEC7C55B}.Release|x86.ActiveCfg = Release|Any CPU
		{C3C4FEF1-D107-47B1-BFF0-71A8EEC7C55B}.Release|x86.Build.0 = Release|Any CPU
		{51154910-DEF8-4909-9573-6A4C43CF7BB3}.Debug|Any CPU.ActiveCfg = Debug|Any CPU
		{51154910-DEF8-4909-9573-6A4C43CF7BB3}.Debug|Any CPU.Build.0 = Debug|Any CPU
		{51154910-DEF8-4909-9573-6A4C43CF7BB3}.Debug|x64.ActiveCfg = Debug|Any CPU
		{51154910-DEF8-4909-9573-6A4C43CF7BB3}.Debug|x64.Build.0 = Debug|Any CPU
		{51154910-DEF8-4909-9573-6A4C43CF7BB3}.Debug|x86.ActiveCfg = Debug|Any CPU
		{51154910-DEF8-4909-9573-6A4C43CF7BB3}.Debug|x86.Build.0 = Debug|Any CPU
		{51154910-DEF8-4909-9573-6A4C43CF7BB3}.Release|Any CPU.ActiveCfg = Release|Any CPU
		{51154910-DEF8-4909-9573-6A4C43CF7BB3}.Release|Any CPU.Build.0 = Release|Any CPU
		{51154910-DEF8-4909-9573-6A4C43CF7BB3}.Release|x64.ActiveCfg = Release|Any CPU
		{51154910-DEF8-4909-9573-6A4C43CF7BB3}.Release|x64.Build.0 = Release|Any CPU
		{51154910-DEF8-4909-9573-6A4C43CF7BB3}.Release|x86.ActiveCfg = Release|Any CPU
		{51154910-DEF8-4909-9573-6A4C43CF7BB3}.Release|x86.Build.0 = Release|Any CPU
		{7DA98D18-BF1B-4E19-B91B-F96D964ACF91}.Debug|Any CPU.ActiveCfg = Debug|Any CPU
		{7DA98D18-BF1B-4E19-B91B-F96D964ACF91}.Debug|Any CPU.Build.0 = Debug|Any CPU
		{7DA98D18-BF1B-4E19-B91B-F96D964ACF91}.Debug|x64.ActiveCfg = Debug|Any CPU
		{7DA98D18-BF1B-4E19-B91B-F96D964ACF91}.Debug|x64.Build.0 = Debug|Any CPU
		{7DA98D18-BF1B-4E19-B91B-F96D964ACF91}.Debug|x86.ActiveCfg = Debug|Any CPU
		{7DA98D18-BF1B-4E19-B91B-F96D964ACF91}.Debug|x86.Build.0 = Debug|Any CPU
		{7DA98D18-BF1B-4E19-B91B-F96D964ACF91}.Release|Any CPU.ActiveCfg = Release|Any CPU
		{7DA98D18-BF1B-4E19-B91B-F96D964ACF91}.Release|Any CPU.Build.0 = Release|Any CPU
		{7DA98D18-BF1B-4E19-B91B-F96D964ACF91}.Release|x64.ActiveCfg = Release|Any CPU
		{7DA98D18-BF1B-4E19-B91B-F96D964ACF91}.Release|x64.Build.0 = Release|Any CPU
		{7DA98D18-BF1B-4E19-B91B-F96D964ACF91}.Release|x86.ActiveCfg = Release|Any CPU
		{7DA98D18-BF1B-4E19-B91B-F96D964ACF91}.Release|x86.Build.0 = Release|Any CPU
	EndGlobalSection
EndGlobal
